
Microsoft Visual Studio Solution File, Format Version 12.00
# Visual Studio Version 16
VisualStudioVersion = 16.0.31729.503
MinimumVisualStudioVersion = 10.0.40219.1
Project("{8BC9CEB8-8B4A-11D0-8D11-00A0C91BC942}") = "LongNumTest", "LongNumTest\LongNumTest.vcxproj", "{B5CD91DC-669F-4196-BAA1-9550C31217FF}"
EndProject
Global
	GlobalSection(SolutionConfigurationPlatforms) = preSolution
		Debug|x64 = Debug|x64
		Debug|x86 = Debug|x86
		Release|x64 = Release|x64
		Release|x86 = Release|x86
	EndGlobalSection
	GlobalSection(ProjectConfigurationPlatforms) = postSolution
		{B5CD91DC-669F-4196-BAA1-9550C31217FF}.Debug|x64.ActiveCfg = Debug|x64
		{B5CD91DC-669F-4196-BAA1-9550C31217FF}.Debug|x64.Build.0 = Debug|x64
		{B5CD91DC-669F-4196-BAA1-9550C31217FF}.Debug|x86.ActiveCfg = Debug|Win32
		{B5CD91DC-669F-4196-BAA1-9550C31217FF}.Debug|x86.Build.0 = Debug|Win32
		{B5CD91DC-669F-4196-BAA1-9550C31217FF}.Release|x64.ActiveCfg = Release|x64
		{B5CD91DC-669F-4196-BAA1-9550C31217FF}.Release|x64.Build.0 = Release|x64
		{B5CD91DC-669F-4196-BAA1-9550C31217FF}.Release|x86.ActiveCfg = Release|Win32
		{B5CD91DC-669F-4196-BAA1-9550C31217FF}.Release|x86.Build.0 = Release|Win32
	EndGlobalSection
	GlobalSection(SolutionProperties) = preSolution
		HideSolutionNode = FALSE
	EndGlobalSection
	GlobalSection(ExtensibilityGlobals) = postSolution
		SolutionGuid = {16E9471D-E7AC-4DDC-94F0-0CC930E445C0}
	EndGlobalSection
EndGlobal
